
Microsoft Visual Studio Solution File, Format Version 12.00
# Visual Studio Version 16
VisualStudioVersion = 16.0.30114.105
MinimumVisualStudioVersion = 10.0.40219.1
Project("{FAE04EC0-301F-11D3-BF4B-00C04F79EFBC}") = "Client.API", "Client.API\Client.API.csproj", "{2B491A71-4C4F-4A5E-A020-5B307D103424}"
EndProject
Project("{FAE04EC0-301F-11D3-BF4B-00C04F79EFBC}") = "Client.Domain", "Client.Domain\Client.Domain.csproj", "{D0DD376C-CD4A-4747-9192-14C988AAADD7}"
EndProject
Project("{FAE04EC0-301F-11D3-BF4B-00C04F79EFBC}") = "Client.Infrastructure", "Client.Infrastructure\Client.Infrastructure.csproj", "{D362351C-BB23-4364-8DB5-757CBE451499}"
EndProject
Global
	GlobalSection(SolutionConfigurationPlatforms) = preSolution
		Debug|Any CPU = Debug|Any CPU
		Release|Any CPU = Release|Any CPU
	EndGlobalSection
	GlobalSection(SolutionProperties) = preSolution
		HideSolutionNode = FALSE
	EndGlobalSection
	GlobalSection(ProjectConfigurationPlatforms) = postSolution
		{2B491A71-4C4F-4A5E-A020-5B307D103424}.Debug|Any CPU.ActiveCfg = Debug|Any CPU
		{2B491A71-4C4F-4A5E-A020-5B307D103424}.Debug|Any CPU.Build.0 = Debug|Any CPU
		{2B491A71-4C4F-4A5E-A020-5B307D103424}.Release|Any CPU.ActiveCfg = Release|Any CPU
		{2B491A71-4C4F-4A5E-A020-5B307D103424}.Release|Any CPU.Build.0 = Release|Any CPU
		{D0DD376C-CD4A-4747-9192-14C988AAADD7}.Debug|Any CPU.ActiveCfg = Debug|Any CPU
		{D0DD376C-CD4A-4747-9192-14C988AAADD7}.Debug|Any CPU.Build.0 = Debug|Any CPU
		{D0DD376C-CD4A-4747-9192-14C988AAADD7}.Release|Any CPU.ActiveCfg = Release|Any CPU
		{D0DD376C-CD4A-4747-9192-14C988AAADD7}.Release|Any CPU.Build.0 = Release|Any CPU
		{D362351C-BB23-4364-8DB5-757CBE451499}.Debug|Any CPU.ActiveCfg = Debug|Any CPU
		{D362351C-BB23-4364-8DB5-757CBE451499}.Debug|Any CPU.Build.0 = Debug|Any CPU
		{D362351C-BB23-4364-8DB5-757CBE451499}.Release|Any CPU.ActiveCfg = Release|Any CPU
		{D362351C-BB23-4364-8DB5-757CBE451499}.Release|Any CPU.Build.0 = Release|Any CPU
	EndGlobalSection
EndGlobal
